
Microsoft Visual Studio Solution File, Format Version 12.00
# Visual Studio Version 17
VisualStudioVersion = 17.8.34330.188
MinimumVisualStudioVersion = 10.0.40219.1
Project("{9A19103F-16F7-4668-BE54-9A1E7A4F7556}") = "ClassLibrary1", "ClassLibrary1\ClassLibrary1.csproj", "{FD5F6EEE-C57B-43A4-91DF-1B857D9264BE}"
EndProject
Project("{9A19103F-16F7-4668-BE54-9A1E7A4F7556}") = "ConsoleApp1", "ConsoleApp1\ConsoleApp1.csproj", "{BA330DC2-1E28-4987-8B3F-C3F8D1CC13B1}"
EndProject
Project("{9A19103F-16F7-4668-BE54-9A1E7A4F7556}") = "Forms", "Forms\Forms.csproj", "{36929F39-364E-4FAE-A07C-108B9B912374}"
EndProject
Project("{FAE04EC0-301F-11D3-BF4B-00C04F79EFBC}") = "ClassLibrary1Tests", "ClassLibrary1Tests\ClassLibrary1Tests.csproj", "{02C5F35F-6826-47E3-B79A-881F3EBBB91C}"
EndProject
Global
	GlobalSection(SolutionConfigurationPlatforms) = preSolution
		Debug|Any CPU = Debug|Any CPU
		Release|Any CPU = Release|Any CPU
	EndGlobalSection
	GlobalSection(ProjectConfigurationPlatforms) = postSolution
		{FD5F6EEE-C57B-43A4-91DF-1B857D9264BE}.Debug|Any CPU.ActiveCfg = Debug|Any CPU
		{FD5F6EEE-C57B-43A4-91DF-1B857D9264BE}.Debug|Any CPU.Build.0 = Debug|Any CPU
		{FD5F6EEE-C57B-43A4-91DF-1B857D9264BE}.Release|Any CPU.ActiveCfg = Release|Any CPU
		{FD5F6EEE-C57B-43A4-91DF-1B857D9264BE}.Release|Any CPU.Build.0 = Release|Any CPU
		{BA330DC2-1E28-4987-8B3F-C3F8D1CC13B1}.Debug|Any CPU.ActiveCfg = Debug|Any CPU
		{BA330DC2-1E28-4987-8B3F-C3F8D1CC13B1}.Debug|Any CPU.Build.0 = Debug|Any CPU
		{BA330DC2-1E28-4987-8B3F-C3F8D1CC13B1}.Release|Any CPU.ActiveCfg = Release|Any CPU
		{BA330DC2-1E28-4987-8B3F-C3F8D1CC13B1}.Release|Any CPU.Build.0 = Release|Any CPU
		{36929F39-364E-4FAE-A07C-108B9B912374}.Debug|Any CPU.ActiveCfg = Debug|Any CPU
		{36929F39-364E-4FAE-A07C-108B9B912374}.Debug|Any CPU.Build.0 = Debug|Any CPU
		{36929F39-364E-4FAE-A07C-108B9B912374}.Release|Any CPU.ActiveCfg = Release|Any CPU
		{36929F39-364E-4FAE-A07C-108B9B912374}.Release|Any CPU.Build.0 = Release|Any CPU
		{02C5F35F-6826-47E3-B79A-881F3EBBB91C}.Debug|Any CPU.ActiveCfg = Debug|Any CPU
		{02C5F35F-6826-47E3-B79A-881F3EBBB91C}.Debug|Any CPU.Build.0 = Debug|Any CPU
		{02C5F35F-6826-47E3-B79A-881F3EBBB91C}.Release|Any CPU.ActiveCfg = Release|Any CPU
		{02C5F35F-6826-47E3-B79A-881F3EBBB91C}.Release|Any CPU.Build.0 = Release|Any CPU
	EndGlobalSection
	GlobalSection(SolutionProperties) = preSolution
		HideSolutionNode = FALSE
	EndGlobalSection
	GlobalSection(ExtensibilityGlobals) = postSolution
		SolutionGuid = {A7DFB590-F986-4A94-810B-195EBAF0E556}
	EndGlobalSection
EndGlobal
